// !$*UTF8*$!
{
	archiveVersion = 1;
	classes = {
	};
	objectVersion = 46;
	objects = {

/* Begin PBXBuildFile section */
		62EE60A11EC18C9400385483 /* AppDelegate.swift in Sources */ = {isa = PBXBuildFile; fileRef = 62EE60A01EC18C9400385483 /* AppDelegate.swift */; };
		62EE60A31EC18C9400385483 /* ViewController.swift in Sources */ = {isa = PBXBuildFile; fileRef = 62EE60A21EC18C9400385483 /* ViewController.swift */; };
		62EE60A61EC18C9400385483 /* Main.storyboard in Resources */ = {isa = PBXBuildFile; fileRef = 62EE60A41EC18C9400385483 /* Main.storyboard */; };
		62EE60A81EC18C9400385483 /* Assets.xcassets in Resources */ = {isa = PBXBuildFile; fileRef = 62EE60A71EC18C9400385483 /* Assets.xcassets */; };
		62EE60AB1EC18C9400385483 /* LaunchScreen.storyboard in Resources */ = {isa = PBXBuildFile; fileRef = 62EE60A91EC18C9400385483 /* LaunchScreen.storyboard */; };
/* End PBXBuildFile section */

/* Begin PBXFileReference section */
		62EE609D1EC18C9400385483 /* IConsoleTest.app */ = {isa = PBXFileReference; explicitFileType = wrapper.application; includeInIndex = 0; path = IConsoleTest.app; sourceTree = BUILT_PRODUCTS_DIR; };
		62EE60A01EC18C9400385483 /* AppDelegate.swift */ = {isa = PBXFileReference; lastKnownFileType = sourcecode.swift; path = AppDelegate.swift; sourceTree = "<group>"; };
		62EE60A21EC18C9400385483 /* ViewController.swift */ = {isa = PBXFileReference; lastKnownFileType = sourcecode.swift; path = ViewController.swift; sourceTree = "<group>"; };
		62EE60A51EC18C9400385483 /* Base */ = {isa = PBXFileReference; lastKnownFileType = file.storyboard; name = Base; path = Base.lproj/Main.storyboard; sourceTree = "<group>"; };
		62EE60A71EC18C9400385483 /* Assets.xcassets */ = {isa = PBXFileReference; lastKnownFileType = folder.assetcatalog; path = Assets.xcassets; sourceTree = "<group>"; };
		62EE60AA1EC18C9400385483 /* Base */ = {isa = PBXFileReference; lastKnownFileType = file.storyboard; name = Base; path = Base.lproj/LaunchScreen.storyboard; sourceTree = "<group>"; };
		62EE60AC1EC18C9400385483 /* Info.plist */ = {isa = PBXFileReference; lastKnownFileType = text.plist.xml; path = Info.plist; sourceTree = "<group>"; };
/* End PBXFileReference section */

/* Begin PBXFrameworksBuildPhase section */
		62EE609A1EC18C9400385483 /* Frameworks */ = {
			isa = PBXFrameworksBuildPhase;
			buildActionMask = 2147483647;
			files = (
			);
			runOnlyForDeploymentPostprocessing = 0;
		};
/* End PBXFrameworksBuildPhase section */

/* Begin PBXGroup section */
		62EE60941EC18C9400385483 = {
			isa = PBXGroup;
			children = (
				62EE609F1EC18C9400385483 /* IConsoleTest */,
				62EE609E1EC18C9400385483 /* Products */,
			);
			sourceTree = "<group>";
		};
		62EE609E1EC18C9400385483 /* Products */ = {
			isa = PBXGroup;
			children = (
				62EE609D1EC18C9400385483 /* IConsoleTest.app */,
			);
			name = Products;
			sourceTree = "<group>";
		};
		62EE609F1EC18C9400385483 /* IConsoleTest */ = {
			isa = PBXGroup;
			children = (
				62EE60A01EC18C9400385483 /* AppDelegate.swift */,
				62EE60A21EC18C9400385483 /* ViewController.swift */,
				62EE60A41EC18C9400385483 /* Main.storyboard */,
				62EE60A71EC18C9400385483 /* Assets.xcassets */,
				62EE60A91EC18C9400385483 /* LaunchScreen.storyboard */,
				62EE60AC1EC18C9400385483 /* Info.plist */,
			);
			path = IConsoleTest;
			sourceTree = "<group>";
		};
/* End PBXGroup section */

/* Begin PBXNativeTarget section */
		62EE609C1EC18C9400385483 /* IConsoleTest */ = {
			isa = PBXNativeTarget;
			buildConfigurationList = 62EE60AF1EC18C9400385483 /* Build configuration list for PBXNativeTarget "IConsoleTest" */;
			buildPhases = (
				62EE60991EC18C9400385483 /* Sources */,
				62EE609A1EC18C9400385483 /* Frameworks */,
				62EE609B1EC18C9400385483 /* Resources */,
			);
			buildRules = (
			);
			dependencies = (
			);
			name = IConsoleTest;
			productName = IConsoleTest;
			productReference = 62EE609D1EC18C9400385483 /* IConsoleTest.app */;
			productType = "com.apple.product-type.application";
		};
/* End PBXNativeTarget section */

/* Begin PBXProject section */
		62EE60951EC18C9400385483 /* Project object */ = {
			isa = PBXProject;
			attributes = {
				LastSwiftUpdateCheck = 0830;
				LastUpgradeCheck = 0830;
				ORGANIZATIONNAME = JingshunZhang;
				TargetAttributes = {
					62EE609C1EC18C9400385483 = {
						CreatedOnToolsVersion = 8.3.2;
						ProvisioningStyle = Automatic;
					};
				};
			};
			buildConfigurationList = 62EE60981EC18C9400385483 /* Build configuration list for PBXProject "IConsoleTest" */;
			compatibilityVersion = "Xcode 3.2";
			developmentRegion = English;
			hasScannedForEncodings = 0;
			knownRegions = (
				en,
				Base,
			);
			mainGroup = 62EE60941EC18C9400385483;
			productRefGroup = 62EE609E1EC18C9400385483 /* Products */;
			projectDirPath = "";
			projectRoot = "";
			targets = (
				62EE609C1EC18C9400385483 /* IConsoleTest */,
			);
		};
/* End PBXProject section */

/* Begin PBXResourcesBuildPhase section */
		62EE609B1EC18C9400385483 /* Resources */ = {
			isa = PBXResourcesBuildPhase;
			buildActionMask = 2147483647;
			files = (
				62EE60AB1EC18C9400385483 /* LaunchScreen.storyboard in Resources */,
				62EE60A81EC18C9400385483 /* Assets.xcassets in Resources */,
				62EE60A61EC18C9400385483 /* Main.storyboard in Resources */,
			);
			runOnlyForDeploymentPostprocessing = 0;
		};
/* End PBXResourcesBuildPhase section */

/* Begin PBXSourcesBuildPhase section */
		62EE60991EC18C9400385483 /* Sources */ = {
			isa = PBXSourcesBuildPhase;
			buildActionMask = 2147483647;
			files = (
				62EE60A31EC18C9400385483 /* ViewController.swift in Sources */,
				62EE60A11EC18C9400385483 /* AppDelegate.swift in Sources */,
			);
			runOnlyForDeploymentPostprocessing = 0;
		};
/* End PBXSourcesBuildPhase section */

/* Begin PBXVariantGroup section */
		62EE60A41EC18C9400385483 /* Main.storyboard */ = {
			isa = PBXVariantGroup;
			children = (
				62EE60A51EC18C9400385483 /* Base */,
			);
			name = Main.storyboard;
			sourceTree = "<group>";
		};
		62EE60A91EC18C9400385483 /* LaunchScreen.storyboard */ = {
			isa = PBXVariantGroup;
			children = (
				62EE60AA1EC18C9400385483 /* Base */,
			);
			name = LaunchScreen.storyboard;
			sourceTree = "<group>";
		};
/* End PBXVariantGroup section */

/* Begin XCBuildConfiguration section */
		62EE60AD1EC18C9400385483 /* Debug */ = {
			isa = XCBuildConfiguration;
			buildSettings = {
				ALWAYS_SEARCH_USER_PATHS = NO;
				CLANG_ANALYZER_NONNULL = YES;
				CLANG_ANALYZER_NUMBER_OBJECT_CONVERSION = YES_AGGRESSIVE;
				CLANG_CXX_LANGUAGE_STANDARD = "gnu++0x";
				CLANG_CXX_LIBRARY = "libc++";
				CLANG_ENABLE_MODULES = YES;
				CLANG_ENABLE_OBJC_ARC = YES;
				CLANG_WARN_BOOL_CONVERSION = YES;
				CLANG_WARN_CONSTANT_CONVERSION = YES;
				CLANG_WARN_DIRECT_OBJC_ISA_USAGE = YES_ERROR;
				CLANG_WARN_DOCUMENTATION_COMMENTS = YES;
				CLANG_WARN_EMPTY_BODY = YES;
				CLANG_WARN_ENUM_CONVERSION = YES;
				CLANG_WARN_INFINITE_RECURSION = YES;
				CLANG_WARN_INT_CONVERSION = YES;
				CLANG_WARN_OBJC_ROOT_CLASS = YES_ERROR;
				CLANG_WARN_SUSPICIOUS_MOVE = YES;
				CLANG_WARN_UNREACHABLE_CODE = YES;
				CLANG_WARN__DUPLICATE_METHOD_MATCH = YES;
				"CODE_SIGN_IDENTITY[sdk=iphoneos*]" = "iPhone Developer";
				COPY_PHASE_STRIP = NO;
				DEBUG_INFORMATION_FORMAT = dwarf;
				ENABLE_STRICT_OBJC_MSGSEND = YES;
				ENABLE_TESTABILITY = YES;
				GCC_C_LANGUAGE_STANDARD = gnu99;
				GCC_DYNAMIC_NO_PIC = NO;
				GCC_NO_COMMON_BLOCKS = YES;
				GCC_OPTIMIZATION_LEVEL = 0;
				GCC_PREPROCESSOR_DEFINITIONS = (
					"DEBUG=1",
					"$(inherited)",
				);
				GCC_WARN_64_TO_32_BIT_CONVERSION = YES;
				GCC_WARN_ABOUT_RETURN_TYPE = YES_ERROR;
				GCC_WARN_UNDECLARED_SELECTOR = YES;
				GCC_WARN_UNINITIALIZED_AUTOS = YES_AGGRESSIVE;
				GCC_WARN_UNUSED_FUNCTION = YES;
				GCC_WARN_UNUSED_VARIABLE = YES;
				IPHONEOS_DEPLOYMENT_TARGET = 10.3;
				MTL_ENABLE_DEBUG_INFO = YES;
				ONLY_ACTIVE_ARCH = YES;
				SDKROOT = iphoneos;
				SWIFT_ACTIVE_COMPILATION_CONDITIONS = DEBUG;
				SWIFT_OPTIMIZATION_LEVEL = "-Onone";
			};
			name = Debug;
		};
		62EE60AE1EC18C9400385483 /* Release */ = {
			isa = XCBuildConfiguration;
			buildSettings = {
				ALWAYS_SEARCH_USER_PATHS = NO;
				CLANG_ANALYZER_NONNULL = YES;
				CLANG_ANALYZER_NUMBER_OBJECT_CONVERSION = YES_AGGRESSIVE;
				CLANG_CXX_LANGUAGE_STANDARD = "gnu++0x";
				CLANG_CXX_LIBRARY = "libc++";
				CLANG_ENABLE_MODULES = YES;
				CLANG_ENABLE_OBJC_ARC = YES;
				CLANG_WARN_BOOL_CONVERSION = YES;
				CLANG_WARN_CONSTANT_CONVERSION = YES;
				CLANG_WARN_DIRECT_OBJC_ISA_USAGE = YES_ERROR;
				CLANG_WARN_DOCUMENTATION_COMMENTS = YES;
				CLANG_WARN_EMPTY_BODY = YES;
				CLANG_WARN_ENUM_CONVERSION = YES;
				CLANG_WARN_INFINITE_RECURSION = YES;
				CLANG_WARN_INT_CONVERSION = YES;
				CLANG_WARN_OBJC_ROOT_CLASS = YES_ERROR;
				CLANG_WARN_SUSPICIOUS_MOVE = YES;
				CLANG_WARN_UNREACHABLE_CODE = YES;
				CLANG_WARN__DUPLICATE_METHOD_MATCH = YES;
				"CODE_SIGN_IDENTITY[sdk=iphoneos*]" = "iPhone Developer";
				COPY_PHASE_STRIP = NO;
				DEBUG_INFORMATION_FORMAT = "dwarf-with-dsym";
				ENABLE_NS_ASSERTIONS = NO;
				ENABLE_STRICT_OBJC_MSGSEND = YES;
				GCC_C_LANGUAGE_STANDARD = gnu99;
				GCC_NO_COMMON_BLOCKS = YES;
				GCC_WARN_64_TO_32_BIT_CONVERSION = YES;
				GCC_WARN_ABOUT_RETURN_TYPE = YES_ERROR;
				GCC_WARN_UNDECLARED_SELECTOR = YES;
				GCC_WARN_UNINITIALIZED_AUTOS = YES_AGGRESSIVE;
				GCC_WARN_UNUSED_FUNCTION = YES;
				GCC_WARN_UNUSED_VARIABLE = YES;
				IPHONEOS_DEPLOYMENT_TARGET = 10.3;
				MTL_ENABLE_DEBUG_INFO = NO;
				SDKROOT = iphoneos;
				SWIFT_OPTIMIZATION_LEVEL = "-Owholemodule";
				VALIDATE_PRODUCT = YES;
			};
			name = Release;
		};
		62EE60B01EC18C9400385483 /* Debug */ = {
			isa = XCBuildConfiguration;
			buildSettings = {
				ASSETCATALOG_COMPILER_APPICON_NAME = AppIcon;
				INFOPLIST_FILE = IConsoleTest/Info.plist;
				LD_RUNPATH_SEARCH_PATHS = "$(inherited) @executable_path/Frameworks";
				PRODUCT_BUNDLE_IDENTIFIER = com.superstar.IConsoleTest;
				PRODUCT_NAME = "$(TARGET_NAME)";
				SWIFT_VERSION = 3.0;
			};
			name = Debug;
		};
		62EE60B11EC18C9400385483 /* Release */ = {
			isa = XCBuildConfiguration;
			buildSettings = {
				ASSETCATALOG_COMPILER_APPICON_NAME = AppIcon;
				INFOPLIST_FILE = IConsoleTest/Info.plist;
				LD_RUNPATH_SEARCH_PATHS = "$(inherited) @executable_path/Frameworks";
				PRODUCT_BUNDLE_IDENTIFIER = com.superstar.IConsoleTest;
				PRODUCT_NAME = "$(TARGET_NAME)";
				SWIFT_VERSION = 3.0;
			};
			name = Release;
		};
/* End XCBuildConfiguration section */

/* Begin XCConfigurationList section */
		62EE60981EC18C9400385483 /* Build configuration list for PBXProject "IConsoleTest" */ = {
			isa = XCConfigurationList;
			buildConfigurations = (
				62EE60AD1EC18C9400385483 /* Debug */,
				62EE60AE1EC18C9400385483 /* Release */,
			);
			defaultConfigurationIsVisible = 0;
			defaultConfigurationName = Release;
		};
		62EE60AF1EC18C9400385483 /* Build configuration list for PBXNativeTarget "IConsoleTest" */ = {
			isa = XCConfigurationList;
			buildConfigurations = (
				62EE60B01EC18C9400385483 /* Debug */,
				62EE60B11EC18C9400385483 /* Release */,
			);
			defaultConfigurationIsVisible = 0;
		};
/* End XCConfigurationList section */
	};
	rootObject = 62EE60951EC18C9400385483 /* Project object */;
}
